
Microsoft Visual Studio Solution File, Format Version 12.00
# Visual Studio Version 17
VisualStudioVersion = 17.5.33414.496
MinimumVisualStudioVersion = 10.0.40219.1
Project("{9A19103F-16F7-4668-BE54-9A1E7A4F7556}") = "Squadmania.Squad.Rcon", "Squadmania.Squad.Rcon\Squadmania.Squad.Rcon.csproj", "{732E215B-D3EB-481D-BB58-3A9D13D44C00}"
EndProject
Project("{FAE04EC0-301F-11D3-BF4B-00C04F79EFBC}") = "Squadmania.Squad.RconExmaple", "Squadmania.Squad.RconExmaple\Squadmania.Squad.RconExmaple.csproj", "{903DE06C-07E4-40E4-843E-7DAF0A51F075}"
EndProject
Project("{FAE04EC0-301F-11D3-BF4B-00C04F79EFBC}") = "Squadmania.Squad.LogParser", "Squadmania.Squad.LogParser\Squadmania.Squad.LogParser.csproj", "{E8587DB4-8A42-42B2-A9DF-75CF06566E53}"
EndProject
Project("{FAE04EC0-301F-11D3-BF4B-00C04F79EFBC}") = "Squadmania.Squad.LogParserExample", "Squadmania.Squad.LogParserExample\Squadmania.Squad.LogParserExample.csproj", "{FDFDF395-0FC4-4CC1-AC3A-CDA5178737E5}"
EndProject
Project("{FAE04EC0-301F-11D3-BF4B-00C04F79EFBC}") = "Squadmania.Squad.Rcon.Tests", "Squadmania.Squad.Rcon.Tests\Squadmania.Squad.Rcon.Tests.csproj", "{7CB22E64-0A38-4326-B29A-966995821D43}"
EndProject
Project("{FAE04EC0-301F-11D3-BF4B-00C04F79EFBC}") = "Squadmania.Squad.LogParser.Tests", "Squadmania.Squad.LogParser.Tests\Squadmania.Squad.LogParser.Tests.csproj", "{DCA07DEB-3077-47A0-9CE0-979D7242847F}"
EndProject
Global
	GlobalSection(SolutionConfigurationPlatforms) = preSolution
		Debug|Any CPU = Debug|Any CPU
		Release|Any CPU = Release|Any CPU
	EndGlobalSection
	GlobalSection(ProjectConfigurationPlatforms) = postSolution
		{732E215B-D3EB-481D-BB58-3A9D13D44C00}.Debug|Any CPU.ActiveCfg = Debug|Any CPU
		{732E215B-D3EB-481D-BB58-3A9D13D44C00}.Debug|Any CPU.Build.0 = Debug|Any CPU
		{732E215B-D3EB-481D-BB58-3A9D13D44C00}.Release|Any CPU.ActiveCfg = Release|Any CPU
		{732E215B-D3EB-481D-BB58-3A9D13D44C00}.Release|Any CPU.Build.0 = Release|Any CPU
		{903DE06C-07E4-40E4-843E-7DAF0A51F075}.Debug|Any CPU.ActiveCfg = Debug|Any CPU
		{903DE06C-07E4-40E4-843E-7DAF0A51F075}.Debug|Any CPU.Build.0 = Debug|Any CPU
		{903DE06C-07E4-40E4-843E-7DAF0A51F075}.Release|Any CPU.ActiveCfg = Release|Any CPU
		{903DE06C-07E4-40E4-843E-7DAF0A51F075}.Release|Any CPU.Build.0 = Release|Any CPU
		{E8587DB4-8A42-42B2-A9DF-75CF06566E53}.Debug|Any CPU.ActiveCfg = Debug|Any CPU
		{E8587DB4-8A42-42B2-A9DF-75CF06566E53}.Debug|Any CPU.Build.0 = Debug|Any CPU
		{E8587DB4-8A42-42B2-A9DF-75CF06566E53}.Release|Any CPU.ActiveCfg = Release|Any CPU
		{E8587DB4-8A42-42B2-A9DF-75CF06566E53}.Release|Any CPU.Build.0 = Release|Any CPU
		{FDFDF395-0FC4-4CC1-AC3A-CDA5178737E5}.Debug|Any CPU.ActiveCfg = Debug|Any CPU
		{FDFDF395-0FC4-4CC1-AC3A-CDA5178737E5}.Debug|Any CPU.Build.0 = Debug|Any CPU
		{FDFDF395-0FC4-4CC1-AC3A-CDA5178737E5}.Release|Any CPU.ActiveCfg = Release|Any CPU
		{FDFDF395-0FC4-4CC1-AC3A-CDA5178737E5}.Release|Any CPU.Build.0 = Release|Any CPU
		{7CB22E64-0A38-4326-B29A-966995821D43}.Debug|Any CPU.ActiveCfg = Debug|Any CPU
		{7CB22E64-0A38-4326-B29A-966995821D43}.Debug|Any CPU.Build.0 = Debug|Any CPU
		{7CB22E64-0A38-4326-B29A-966995821D43}.Release|Any CPU.ActiveCfg = Release|Any CPU
		{7CB22E64-0A38-4326-B29A-966995821D43}.Release|Any CPU.Build.0 = Release|Any CPU
		{DCA07DEB-3077-47A0-9CE0-979D7242847F}.Debug|Any CPU.ActiveCfg = Debug|Any CPU
		{DCA07DEB-3077-47A0-9CE0-979D7242847F}.Debug|Any CPU.Build.0 = Debug|Any CPU
		{DCA07DEB-3077-47A0-9CE0-979D7242847F}.Release|Any CPU.ActiveCfg = Release|Any CPU
		{DCA07DEB-3077-47A0-9CE0-979D7242847F}.Release|Any CPU.Build.0 = Release|Any CPU
	EndGlobalSection
	GlobalSection(SolutionProperties) = preSolution
		HideSolutionNode = FALSE
	EndGlobalSection
	GlobalSection(ExtensibilityGlobals) = postSolution
		SolutionGuid = {9E6CC59B-7863-4423-A84B-756FA8979F7B}
	EndGlobalSection
EndGlobal
